# This file was autogenerated by Stack.
# You should not edit this file by hand.
# For more information, please see the documentation at:
#   https://docs.haskellstack.org/en/stable/lock_files

packages:
- completed:
    hackage: colour-2.3.4@sha256:9a8a9036652da142fb804571ffca7764addf570661c1b5ecfdef9379875d90ab,1827
    pantry-tree:
      size: 1183
      sha256: 344bb246a2b5335054e242420c4f2dedb597baa70de2bed7d89080c7e7462938
  original:
    hackage: colour-2.3.4
- completed:
    hackage: kansas-comet-0.4@sha256:72330f1953abed85fc306ace742d975296a3b3a806c9db90dc793161b60c2846,1737
    pantry-tree:
      size: 383
      sha256: b93fb744a9979ae6e8638a02711f9222cfd1d0d7d8559a188ba8d87f80ec9313
  original:
    hackage: kansas-comet-0.4
- completed:
    hackage: blank-canvas-0.6.3@sha256:9c089fd7796e07e428f3490b3812c92fec8d3b615b12c80db7f282b5d6eeec95,7669
    pantry-tree:
      size: 5101
      sha256: a38712dafe44d071d27ea14fda89811f0252ac2bc5c55829f0e874de126bce2d
  original:
    hackage: blank-canvas-0.6.3
- completed:
    hackage: codeworld-api-0.3.1@sha256:8cc06c1b13dd4c6e547b1e57b896c037d38776c6af571cfaeabc44d89b1c713b,2489
    pantry-tree:
      size: 791
      sha256: 3cf8e8f4e8c7a31d704d9e218fb0c0a4f7a4c399801587c5cef06911aaebed95
  original:
    hackage: codeworld-api-0.3.1
- completed:
    hackage: haddock-api-2.22.0@sha256:031df5c3f72d93df025317518ad6d87bccecdb43e6c8ca5db9457c8137d5418d,5946
    pantry-tree:
      size: 4374
      sha256: 11734bc60e1177a836dfc902e3fa476af9268e71e3f4b9c0f1891ec46a651f74
  original:
    hackage: haddock-api-2.22.0
snapshots:
- completed:
    size: 524996
    url: https://raw.githubusercontent.com/commercialhaskell/stackage-snapshots/master/lts/14/27.yaml
    sha256: 7ea31a280c56bf36ff591a7397cc384d0dff622e7f9e4225b47d8980f019a0f0
  original: lts-14.27
